<?xml version="1.0" encoding="utf-8"?>
<Project ToolsVersion="4.0" xmlns="http://schemas.microsoft.com/developer/msbuild/2003">
  <ItemGroup>
    <Filter Include="Source">
      <UniqueIdentifier>{d4298e3d-72f3-4d60-a545-b2f9fb2b35e6}</UniqueIdentifier>
    </Filter>
  </ItemGroup>
  <ItemGroup>
    <ClCompile Include="Source\ccTreeNode.cpp">
      <Filter>Source</Filter>
    </ClCompile>
    <ClCompile Include="Source\ccTreeNodeDestroyer.cpp">
      <Filter>Source</Filter>
    </ClCompile>
    <ClCompile Include="Source\ccTreeNodeVisitor.cpp">
      <Filter>Source</Filter>
    </ClCompile>
    <ClCompile Include="Source\cc_functions.cpp">
      <Filter>Source</Filter>
    </ClCompile>
    <ClCompile Include="Source\ccBlockBoxArray.cpp">
      <Filter>Source</Filter>
    </ClCompile>
    <ClCompile Include="Source\ccBlockPoolFreeList.cpp">
      <Filter>Source</Filter>
    </ClCompile>
    <ClCompile Include="Source\ccBlockPoolParms.cpp">
      <Filter>Source</Filter>
    </ClCompile>
    <ClCompile Include="Source\ccBlockPoolCentral.cpp">
      <Filter>Source</Filter>
    </ClCompile>
    <ClCompile Include="Source\ccBlockPoolIndexStack.cpp">
      <Filter>Source</Filter>
    </ClCompile>
    <ClCompile Include="Source\ccBlockPoolLFIndexStack.cpp">
      <Filter>Source</Filter>
    </ClCompile>
    <ClCompile Include="Source\ccBlockPoolShortTerm.cpp">
      <Filter>Source</Filter>
    </ClCompile>
    <ClCompile Include="Source\ccLFPacketQueue.cpp">
      <Filter>Source</Filter>
    </ClCompile>
    <ClCompile Include="Source\ccBlockPoolFaster.cpp">
      <Filter>Source</Filter>
    </ClCompile>
    <ClCompile Include="Source\ccLMPacketQueue.cpp">
      <Filter>Source</Filter>
    </ClCompile>
    <ClCompile Include="Source\ccSynch.cpp">
      <Filter>Source</Filter>
    </ClCompile>
  </ItemGroup>
  <ItemGroup>
    <ClInclude Include="Source\ccCallPointer.h">
      <Filter>Source</Filter>
    </ClInclude>
    <ClInclude Include="Source\ccContainers.h">
      <Filter>Source</Filter>
    </ClInclude>
    <ClInclude Include="Source\ccContainers2.h">
      <Filter>Source</Filter>
    </ClInclude>
    <ClInclude Include="Source\ccDefs.h">
      <Filter>Source</Filter>
    </ClInclude>
    <ClInclude Include="Source\ccDiagrams.h">
      <Filter>Source</Filter>
    </ClInclude>
    <ClInclude Include="Source\ccTreeNode.h">
      <Filter>Source</Filter>
    </ClInclude>
    <ClInclude Include="Source\ccTreeNodeDestroyer.h">
      <Filter>Source</Filter>
    </ClInclude>
    <ClInclude Include="Source\ccTreeNodeVisitor.h">
      <Filter>Source</Filter>
    </ClInclude>
    <ClInclude Include="Source\cc_functions.h">
      <Filter>Source</Filter>
    </ClInclude>
    <ClInclude Include="Source\ccValueQueue.h">
      <Filter>Source</Filter>
    </ClInclude>
    <ClInclude Include="Source\ccLFIndex.h">
      <Filter>Source</Filter>
    </ClInclude>
    <ClInclude Include="Source\ccLFPointerQueue.h">
      <Filter>Source</Filter>
    </ClInclude>
    <ClInclude Include="Source\ccRecursiveAnchor.h">
      <Filter>Source</Filter>
    </ClInclude>
    <ClInclude Include="Source\ccBlockBoxArray.h">
      <Filter>Source</Filter>
    </ClInclude>
    <ClInclude Include="Source\ccBlockPoolBase.h">
      <Filter>Source</Filter>
    </ClInclude>
    <ClInclude Include="Source\ccBlockPoolFreeList.h">
      <Filter>Source</Filter>
    </ClInclude>
    <ClInclude Include="Source\ccBlockPoolParms.h">
      <Filter>Source</Filter>
    </ClInclude>
    <ClInclude Include="Source\ccBlockPoolCentral.h">
      <Filter>Source</Filter>
    </ClInclude>
    <ClInclude Include="Source\ccBlockPoolBaseIndexStack.h">
      <Filter>Source</Filter>
    </ClInclude>
    <ClInclude Include="Source\ccBlockPoolIndexStack.h">
      <Filter>Source</Filter>
    </ClInclude>
    <ClInclude Include="Source\ccBlockPoolLFIndexStack.h">
      <Filter>Source</Filter>
    </ClInclude>
    <ClInclude Include="Source\ccLFValueQueue.h">
      <Filter>Source</Filter>
    </ClInclude>
    <ClInclude Include="Source\ccBlockPoolShortTerm.h">
      <Filter>Source</Filter>
    </ClInclude>
    <ClInclude Include="Source\ccBlockPoolBlock.h">
      <Filter>Source</Filter>
    </ClInclude>
    <ClInclude Include="Source\ccBlockPoolIndex.h">
      <Filter>Source</Filter>
    </ClInclude>
    <ClInclude Include="Source\ccMemoryPtr.h">
      <Filter>Source</Filter>
    </ClInclude>
    <ClInclude Include="Source\ccLFPacketQueue.h">
      <Filter>Source</Filter>
    </ClInclude>
    <ClInclude Include="Source\ccSRWValueQueue.h">
      <Filter>Source</Filter>
    </ClInclude>
    <ClInclude Include="Source\ccBlockPoolFaster.h">
      <Filter>Source</Filter>
    </ClInclude>
    <ClInclude Include="Source\ccBlockHeader.h">
      <Filter>Source</Filter>
    </ClInclude>
    <ClInclude Include="Source\ccBlockPool.h">
      <Filter>Source</Filter>
    </ClInclude>
    <ClInclude Include="Source\ccValueHistory.h">
      <Filter>Source</Filter>
    </ClInclude>
    <ClInclude Include="Source\ccLMPacketQueue.h">
      <Filter>Source</Filter>
    </ClInclude>
    <ClInclude Include="Source\ccSynch.h">
      <Filter>Source</Filter>
    </ClInclude>
  </ItemGroup>
</Project>