<?xml version="1.0" encoding="utf-8"?>
<Project ToolsVersion="4.0" xmlns="http://schemas.microsoft.com/developer/msbuild/2003">
  <ItemGroup>
    <Filter Include="Source">
      <UniqueIdentifier>{d4298e3d-72f3-4d60-a545-b2f9fb2b35e6}</UniqueIdentifier>
    </Filter>
  </ItemGroup>
  <ItemGroup>
    <ClCompile Include="Source\ccTreeNode.cpp">
      <Filter>Source</Filter>
    </ClCompile>
    <ClCompile Include="Source\ccTreeNodeDestroyer.cpp">
      <Filter>Source</Filter>
    </ClCompile>
    <ClCompile Include="Source\ccTreeNodeVisitor.cpp">
      <Filter>Source</Filter>
    </ClCompile>
    <ClCompile Include="Source\cc_functions.cpp">
      <Filter>Source</Filter>
    </ClCompile>
    <ClCompile Include="Source\ccBlockBoxArray.cpp">
      <Filter>Source</Filter>
    </ClCompile>
    <ClCompile Include="Source\ccBlockPoolParms.cpp">
      <Filter>Source</Filter>
    </ClCompile>
    <ClCompile Include="Source\ccBlockPoolCentral.cpp">
      <Filter>Source</Filter>
    </ClCompile>
    <ClCompile Include="Source\stdafx.cpp">
      <Filter>Source</Filter>
    </ClCompile>
    <ClCompile Include="Source\ccLFObjectQueue.cpp">
      <Filter>Source</Filter>
    </ClCompile>
    <ClCompile Include="Source\ccLMObjectQueue.cpp">
      <Filter>Source</Filter>
    </ClCompile>
    <ClCompile Include="Source\cc_throw.cpp">
      <Filter>Source</Filter>
    </ClCompile>
    <ClCompile Include="Source\ccBlockPoolLFFreeList.cpp">
      <Filter>Source</Filter>
    </ClCompile>
    <ClCompile Include="Source\ccCritcalSection_win.cpp">
      <Filter>Source</Filter>
    </ClCompile>
    <ClCompile Include="Source\ccBlockPoolLCFreeList.cpp">
      <Filter>Source</Filter>
    </ClCompile>
    <ClCompile Include="Source\ccBlockPoolLCIndexStack.cpp">
      <Filter>Source</Filter>
    </ClCompile>
  </ItemGroup>
  <ItemGroup>
    <ClInclude Include="Source\ccCallPointer.h">
      <Filter>Source</Filter>
    </ClInclude>
    <ClInclude Include="Source\ccContainers.h">
      <Filter>Source</Filter>
    </ClInclude>
    <ClInclude Include="Source\ccContainers2.h">
      <Filter>Source</Filter>
    </ClInclude>
    <ClInclude Include="Source\ccDefs.h">
      <Filter>Source</Filter>
    </ClInclude>
    <ClInclude Include="Source\ccDiagrams.h">
      <Filter>Source</Filter>
    </ClInclude>
    <ClInclude Include="Source\ccTreeNode.h">
      <Filter>Source</Filter>
    </ClInclude>
    <ClInclude Include="Source\ccTreeNodeDestroyer.h">
      <Filter>Source</Filter>
    </ClInclude>
    <ClInclude Include="Source\ccTreeNodeVisitor.h">
      <Filter>Source</Filter>
    </ClInclude>
    <ClInclude Include="Source\cc_functions.h">
      <Filter>Source</Filter>
    </ClInclude>
    <ClInclude Include="Source\ccValueQueue.h">
      <Filter>Source</Filter>
    </ClInclude>
    <ClInclude Include="Source\ccLFIndex.h">
      <Filter>Source</Filter>
    </ClInclude>
    <ClInclude Include="Source\ccLFPointerQueue.h">
      <Filter>Source</Filter>
    </ClInclude>
    <ClInclude Include="Source\ccRecursiveAnchor.h">
      <Filter>Source</Filter>
    </ClInclude>
    <ClInclude Include="Source\ccBlockBoxArray.h">
      <Filter>Source</Filter>
    </ClInclude>
    <ClInclude Include="Source\ccBlockPoolBase.h">
      <Filter>Source</Filter>
    </ClInclude>
    <ClInclude Include="Source\ccBlockPoolParms.h">
      <Filter>Source</Filter>
    </ClInclude>
    <ClInclude Include="Source\ccBlockPoolCentral.h">
      <Filter>Source</Filter>
    </ClInclude>
    <ClInclude Include="Source\ccBlockPoolBaseIndexStack.h">
      <Filter>Source</Filter>
    </ClInclude>
    <ClInclude Include="Source\ccLFValueQueue.h">
      <Filter>Source</Filter>
    </ClInclude>
    <ClInclude Include="Source\ccBlockPoolBlock.h">
      <Filter>Source</Filter>
    </ClInclude>
    <ClInclude Include="Source\ccBlockPoolIndex.h">
      <Filter>Source</Filter>
    </ClInclude>
    <ClInclude Include="Source\ccMemoryPtr.h">
      <Filter>Source</Filter>
    </ClInclude>
    <ClInclude Include="Source\ccBlockHeader.h">
      <Filter>Source</Filter>
    </ClInclude>
    <ClInclude Include="Source\ccBlockPool.h">
      <Filter>Source</Filter>
    </ClInclude>
    <ClInclude Include="Source\ccValueHistory.h">
      <Filter>Source</Filter>
    </ClInclude>
    <ClInclude Include="Source\stdafx.h">
      <Filter>Source</Filter>
    </ClInclude>
    <ClInclude Include="Source\ccSRSWValueQueue.h">
      <Filter>Source</Filter>
    </ClInclude>
    <ClInclude Include="Source\ccLFObjectQueue.h">
      <Filter>Source</Filter>
    </ClInclude>
    <ClInclude Include="Source\ccLMObjectQueue.h">
      <Filter>Source</Filter>
    </ClInclude>
    <ClInclude Include="Source\ccLMValueQueue.h">
      <Filter>Source</Filter>
    </ClInclude>
    <ClInclude Include="Source\cc_throw.h">
      <Filter>Source</Filter>
    </ClInclude>
    <ClInclude Include="Source\ccBlockPoolLFFreeList.h">
      <Filter>Source</Filter>
    </ClInclude>
    <ClInclude Include="Source\ccCriticalSection.h">
      <Filter>Source</Filter>
    </ClInclude>
    <ClInclude Include="Source\ccBlockPoolLCFreeList.h">
      <Filter>Source</Filter>
    </ClInclude>
    <ClInclude Include="Source\ccBlockPoolLCIndexStack.h">
      <Filter>Source</Filter>
    </ClInclude>
  </ItemGroup>
</Project>