<?xml version="1.0" encoding="utf-8"?>
<Project ToolsVersion="4.0" xmlns="http://schemas.microsoft.com/developer/msbuild/2003">
  <ItemGroup>
    <Filter Include="Source">
      <UniqueIdentifier>{d4298e3d-72f3-4d60-a545-b2f9fb2b35e6}</UniqueIdentifier>
    </Filter>
  </ItemGroup>
  <ItemGroup>
    <ClCompile Include="Source\ccCriticalSection_win.cpp">
      <Filter>Source</Filter>
    </ClCompile>
    <ClCompile Include="Source\ccPointerCircular.cpp">
      <Filter>Source</Filter>
    </ClCompile>
    <ClCompile Include="Source\ccPointerStack.cpp">
      <Filter>Source</Filter>
    </ClCompile>
    <ClCompile Include="Source\ccTreeNode.cpp">
      <Filter>Source</Filter>
    </ClCompile>
    <ClCompile Include="Source\ccTreeNodeDestroyer.cpp">
      <Filter>Source</Filter>
    </ClCompile>
    <ClCompile Include="Source\ccTreeNodeVisitor.cpp">
      <Filter>Source</Filter>
    </ClCompile>
    <ClCompile Include="Source\ccPointerShiftRegister.cpp">
      <Filter>Source</Filter>
    </ClCompile>
    <ClCompile Include="Source\cc_functions.cpp">
      <Filter>Source</Filter>
    </ClCompile>
    <ClCompile Include="Source\ccLFBlockFreeList.cpp">
      <Filter>Source</Filter>
    </ClCompile>
    <ClCompile Include="Source\ccLFBlockQueue.cpp">
      <Filter>Source</Filter>
    </ClCompile>
    <ClCompile Include="Source\ccLFPointerQueue.cpp">
      <Filter>Source</Filter>
    </ClCompile>
    <ClCompile Include="Source\ccLogic.cpp">
      <Filter>Source</Filter>
    </ClCompile>
    <ClCompile Include="Source\ccBlockBoxArray.cpp">
      <Filter>Source</Filter>
    </ClCompile>
    <ClCompile Include="Source\ccBlockPoolBase.cpp">
      <Filter>Source</Filter>
    </ClCompile>
    <ClCompile Include="Source\ccBlockPoolList.cpp">
      <Filter>Source</Filter>
    </ClCompile>
    <ClCompile Include="Source\ccBlockPoolLongTerm.cpp">
      <Filter>Source</Filter>
    </ClCompile>
    <ClCompile Include="Source\ccBlockHandle.cpp">
      <Filter>Source</Filter>
    </ClCompile>
  </ItemGroup>
  <ItemGroup>
    <ClInclude Include="Source\ccCallPointer.h">
      <Filter>Source</Filter>
    </ClInclude>
    <ClInclude Include="Source\ccContainers.h">
      <Filter>Source</Filter>
    </ClInclude>
    <ClInclude Include="Source\ccContainers2.h">
      <Filter>Source</Filter>
    </ClInclude>
    <ClInclude Include="Source\ccCriticalSection.h">
      <Filter>Source</Filter>
    </ClInclude>
    <ClInclude Include="Source\ccDefs.h">
      <Filter>Source</Filter>
    </ClInclude>
    <ClInclude Include="Source\ccDiagrams.h">
      <Filter>Source</Filter>
    </ClInclude>
    <ClInclude Include="Source\ccPointerCircular.h">
      <Filter>Source</Filter>
    </ClInclude>
    <ClInclude Include="Source\ccPointerStack.h">
      <Filter>Source</Filter>
    </ClInclude>
    <ClInclude Include="Source\ccTreeNode.h">
      <Filter>Source</Filter>
    </ClInclude>
    <ClInclude Include="Source\ccTreeNodeDestroyer.h">
      <Filter>Source</Filter>
    </ClInclude>
    <ClInclude Include="Source\ccTreeNodeVisitor.h">
      <Filter>Source</Filter>
    </ClInclude>
    <ClInclude Include="Source\ccPointerShiftRegister.h">
      <Filter>Source</Filter>
    </ClInclude>
    <ClInclude Include="Source\cc_functions.h">
      <Filter>Source</Filter>
    </ClInclude>
    <ClInclude Include="Source\ccValueQueue.h">
      <Filter>Source</Filter>
    </ClInclude>
    <ClInclude Include="Source\ccLFBlockFreeList.h">
      <Filter>Source</Filter>
    </ClInclude>
    <ClInclude Include="Source\ccLFBlockQueue.h">
      <Filter>Source</Filter>
    </ClInclude>
    <ClInclude Include="Source\ccLFIndex.h">
      <Filter>Source</Filter>
    </ClInclude>
    <ClInclude Include="Source\ccLFPointerQueue.h">
      <Filter>Source</Filter>
    </ClInclude>
    <ClInclude Include="Source\ccFreeList.h">
      <Filter>Source</Filter>
    </ClInclude>
    <ClInclude Include="Source\ccLogic.h">
      <Filter>Source</Filter>
    </ClInclude>
    <ClInclude Include="Source\ccValueStack.h">
      <Filter>Source</Filter>
    </ClInclude>
    <ClInclude Include="Source\ccRecursiveAnchor.h">
      <Filter>Source</Filter>
    </ClInclude>
    <ClInclude Include="Source\ccBlockBoxArray.h">
      <Filter>Source</Filter>
    </ClInclude>
    <ClInclude Include="Source\ccBlockHandle.h">
      <Filter>Source</Filter>
    </ClInclude>
    <ClInclude Include="Source\ccBlockPoolBase.h">
      <Filter>Source</Filter>
    </ClInclude>
    <ClInclude Include="Source\ccBlockPoolList.h">
      <Filter>Source</Filter>
    </ClInclude>
    <ClInclude Include="Source\ccBlockPoolLongTerm.h">
      <Filter>Source</Filter>
    </ClInclude>
    <ClInclude Include="Source\ccBlockPoolBlock.h">
      <Filter>Source</Filter>
    </ClInclude>
  </ItemGroup>
</Project>