
Microsoft Visual Studio Solution File, Format Version 12.00
# Visual Studio 2013
VisualStudioVersion = 12.0.31101.0
MinimumVisualStudioVersion = 10.0.40219.1
Project("{8BC9CEB8-8B4A-11D0-8D11-00A0C91BC942}") = "Test", "Test\Test.vcxproj", "{CAE77CCE-F1ED-4596-913A-975EA3C7BCB8}"
EndProject
Project("{8BC9CEB8-8B4A-11D0-8D11-00A0C91BC942}") = "CCLib", "CCLib\CCLib.vcxproj", "{1909118A-707C-47E4-80BC-84130E1C951B}"
EndProject
Project("{8BC9CEB8-8B4A-11D0-8D11-00A0C91BC942}") = "Counter", "Counter\Counter.vcxproj", "{3BAB991B-DD49-4451-99B7-2A2AE7361E00}"
EndProject
Project("{8BC9CEB8-8B4A-11D0-8D11-00A0C91BC942}") = "BlockPool", "BlockPool\BlockPool.vcxproj", "{75C78698-F814-479A-820F-00F5F1757AC6}"
EndProject
Project("{8BC9CEB8-8B4A-11D0-8D11-00A0C91BC942}") = "Delete", "Delete\Delete.vcxproj", "{32A7D7A8-F54D-45A0-8F03-8610E11211E3}"
EndProject
Project("{8BC9CEB8-8B4A-11D0-8D11-00A0C91BC942}") = "ScratchMemory", "ScratchMemory\ScratchMemory.vcxproj", "{7D40C68B-7011-4C48-B74A-9120EF775ECC}"
EndProject
Project("{8BC9CEB8-8B4A-11D0-8D11-00A0C91BC942}") = "LockFree", "LockFree\LockFree.vcxproj", "{DC2CB427-1EDB-42EA-86F4-772E54B3C584}"
EndProject
Project("{8BC9CEB8-8B4A-11D0-8D11-00A0C91BC942}") = "Containers", "Containers\Containers.vcxproj", "{06CE136A-0E35-4ED9-AEBC-CDA1669B3303}"
EndProject
Project("{8BC9CEB8-8B4A-11D0-8D11-00A0C91BC942}") = "Concurrent", "Concurrent\Concurrent.vcxproj", "{A7FBFC03-309C-4990-BCB3-39F5A56DAC60}"
EndProject
Project("{8BC9CEB8-8B4A-11D0-8D11-00A0C91BC942}") = "Stash", "Stash\Stash.vcxproj", "{8FE9CC22-45DE-4BFE-AAE2-BB7999450FBD}"
EndProject
Project("{8BC9CEB8-8B4A-11D0-8D11-00A0C91BC942}") = "Classes", "Classes\Classes.vcxproj", "{D25F2695-BD18-43BC-A09D-9503AD3FCD49}"
EndProject
Project("{8BC9CEB8-8B4A-11D0-8D11-00A0C91BC942}") = "LLogic", "LLogic\LLogic.vcxproj", "{4DF7BE65-7CA1-4964-B0E6-B5BF66306A27}"
EndProject
Project("{8BC9CEB8-8B4A-11D0-8D11-00A0C91BC942}") = "Nodal", "Nodal\Nodal.vcxproj", "{9986CF02-116E-4753-8F4C-58DD10CBE74F}"
EndProject
Project("{8BC9CEB8-8B4A-11D0-8D11-00A0C91BC942}") = "QueueTest", "QueueTest\QueueTest.vcxproj", "{06E45152-148A-450F-B613-9FBE8145B202}"
EndProject
Project("{8BC9CEB8-8B4A-11D0-8D11-00A0C91BC942}") = "Variable", "Variable\Variable.vcxproj", "{6ABAC2C1-2F81-4B1C-899A-4FE644EA7EB6}"
EndProject
Project("{8BC9CEB8-8B4A-11D0-8D11-00A0C91BC942}") = "Labelled", "Labelled\Labelled.vcxproj", "{D365963F-A682-45E8-A18E-B154F8266EB0}"
EndProject
Project("{8BC9CEB8-8B4A-11D0-8D11-00A0C91BC942}") = "TreeBlock", "TreeBlock\TreeBlock.vcxproj", "{B2B85340-7319-4E4B-B124-EABE782A0221}"
EndProject
Project("{8BC9CEB8-8B4A-11D0-8D11-00A0C91BC942}") = "MemPool", "MemPool\MemPool.vcxproj", "{583FD9C6-04DE-4DFC-8449-6D57E5FAA208}"
EndProject
Project("{8BC9CEB8-8B4A-11D0-8D11-00A0C91BC942}") = "MyBlock", "MyBlock\MyBlock.vcxproj", "{32DE6A74-4C92-4412-8769-326BA84DE1C8}"
EndProject
Global
	GlobalSection(SolutionConfigurationPlatforms) = preSolution
		Debug|Win32 = Debug|Win32
		Debug|x64 = Debug|x64
		Release|Win32 = Release|Win32
		Release|x64 = Release|x64
	EndGlobalSection
	GlobalSection(ProjectConfigurationPlatforms) = postSolution
		{CAE77CCE-F1ED-4596-913A-975EA3C7BCB8}.Debug|Win32.ActiveCfg = Debug|Win32
		{CAE77CCE-F1ED-4596-913A-975EA3C7BCB8}.Debug|Win32.Build.0 = Debug|Win32
		{CAE77CCE-F1ED-4596-913A-975EA3C7BCB8}.Debug|x64.ActiveCfg = Debug|x64
		{CAE77CCE-F1ED-4596-913A-975EA3C7BCB8}.Debug|x64.Build.0 = Debug|x64
		{CAE77CCE-F1ED-4596-913A-975EA3C7BCB8}.Release|Win32.ActiveCfg = Release|Win32
		{CAE77CCE-F1ED-4596-913A-975EA3C7BCB8}.Release|Win32.Build.0 = Release|Win32
		{CAE77CCE-F1ED-4596-913A-975EA3C7BCB8}.Release|x64.ActiveCfg = Release|x64
		{CAE77CCE-F1ED-4596-913A-975EA3C7BCB8}.Release|x64.Build.0 = Release|x64
		{1909118A-707C-47E4-80BC-84130E1C951B}.Debug|Win32.ActiveCfg = Debug|Win32
		{1909118A-707C-47E4-80BC-84130E1C951B}.Debug|Win32.Build.0 = Debug|Win32
		{1909118A-707C-47E4-80BC-84130E1C951B}.Debug|x64.ActiveCfg = Debug|x64
		{1909118A-707C-47E4-80BC-84130E1C951B}.Debug|x64.Build.0 = Debug|x64
		{1909118A-707C-47E4-80BC-84130E1C951B}.Release|Win32.ActiveCfg = Release|Win32
		{1909118A-707C-47E4-80BC-84130E1C951B}.Release|Win32.Build.0 = Release|Win32
		{1909118A-707C-47E4-80BC-84130E1C951B}.Release|x64.ActiveCfg = Release|x64
		{1909118A-707C-47E4-80BC-84130E1C951B}.Release|x64.Build.0 = Release|x64
		{3BAB991B-DD49-4451-99B7-2A2AE7361E00}.Debug|Win32.ActiveCfg = Debug|Win32
		{3BAB991B-DD49-4451-99B7-2A2AE7361E00}.Debug|Win32.Build.0 = Debug|Win32
		{3BAB991B-DD49-4451-99B7-2A2AE7361E00}.Debug|x64.ActiveCfg = Debug|x64
		{3BAB991B-DD49-4451-99B7-2A2AE7361E00}.Debug|x64.Build.0 = Debug|x64
		{3BAB991B-DD49-4451-99B7-2A2AE7361E00}.Release|Win32.ActiveCfg = Release|Win32
		{3BAB991B-DD49-4451-99B7-2A2AE7361E00}.Release|Win32.Build.0 = Release|Win32
		{3BAB991B-DD49-4451-99B7-2A2AE7361E00}.Release|x64.ActiveCfg = Release|x64
		{3BAB991B-DD49-4451-99B7-2A2AE7361E00}.Release|x64.Build.0 = Release|x64
		{75C78698-F814-479A-820F-00F5F1757AC6}.Debug|Win32.ActiveCfg = Debug|Win32
		{75C78698-F814-479A-820F-00F5F1757AC6}.Debug|Win32.Build.0 = Debug|Win32
		{75C78698-F814-479A-820F-00F5F1757AC6}.Debug|x64.ActiveCfg = Debug|x64
		{75C78698-F814-479A-820F-00F5F1757AC6}.Debug|x64.Build.0 = Debug|x64
		{75C78698-F814-479A-820F-00F5F1757AC6}.Release|Win32.ActiveCfg = Release|Win32
		{75C78698-F814-479A-820F-00F5F1757AC6}.Release|Win32.Build.0 = Release|Win32
		{75C78698-F814-479A-820F-00F5F1757AC6}.Release|x64.ActiveCfg = Release|x64
		{75C78698-F814-479A-820F-00F5F1757AC6}.Release|x64.Build.0 = Release|x64
		{32A7D7A8-F54D-45A0-8F03-8610E11211E3}.Debug|Win32.ActiveCfg = Debug|Win32
		{32A7D7A8-F54D-45A0-8F03-8610E11211E3}.Debug|Win32.Build.0 = Debug|Win32
		{32A7D7A8-F54D-45A0-8F03-8610E11211E3}.Debug|x64.ActiveCfg = Debug|x64
		{32A7D7A8-F54D-45A0-8F03-8610E11211E3}.Debug|x64.Build.0 = Debug|x64
		{32A7D7A8-F54D-45A0-8F03-8610E11211E3}.Release|Win32.ActiveCfg = Release|Win32
		{32A7D7A8-F54D-45A0-8F03-8610E11211E3}.Release|Win32.Build.0 = Release|Win32
		{32A7D7A8-F54D-45A0-8F03-8610E11211E3}.Release|x64.ActiveCfg = Release|x64
		{32A7D7A8-F54D-45A0-8F03-8610E11211E3}.Release|x64.Build.0 = Release|x64
		{7D40C68B-7011-4C48-B74A-9120EF775ECC}.Debug|Win32.ActiveCfg = Debug|Win32
		{7D40C68B-7011-4C48-B74A-9120EF775ECC}.Debug|Win32.Build.0 = Debug|Win32
		{7D40C68B-7011-4C48-B74A-9120EF775ECC}.Debug|x64.ActiveCfg = Debug|x64
		{7D40C68B-7011-4C48-B74A-9120EF775ECC}.Debug|x64.Build.0 = Debug|x64
		{7D40C68B-7011-4C48-B74A-9120EF775ECC}.Release|Win32.ActiveCfg = Release|Win32
		{7D40C68B-7011-4C48-B74A-9120EF775ECC}.Release|Win32.Build.0 = Release|Win32
		{7D40C68B-7011-4C48-B74A-9120EF775ECC}.Release|x64.ActiveCfg = Release|x64
		{7D40C68B-7011-4C48-B74A-9120EF775ECC}.Release|x64.Build.0 = Release|x64
		{DC2CB427-1EDB-42EA-86F4-772E54B3C584}.Debug|Win32.ActiveCfg = Debug|Win32
		{DC2CB427-1EDB-42EA-86F4-772E54B3C584}.Debug|Win32.Build.0 = Debug|Win32
		{DC2CB427-1EDB-42EA-86F4-772E54B3C584}.Debug|x64.ActiveCfg = Debug|x64
		{DC2CB427-1EDB-42EA-86F4-772E54B3C584}.Debug|x64.Build.0 = Debug|x64
		{DC2CB427-1EDB-42EA-86F4-772E54B3C584}.Release|Win32.ActiveCfg = Release|Win32
		{DC2CB427-1EDB-42EA-86F4-772E54B3C584}.Release|Win32.Build.0 = Release|Win32
		{DC2CB427-1EDB-42EA-86F4-772E54B3C584}.Release|x64.ActiveCfg = Release|x64
		{DC2CB427-1EDB-42EA-86F4-772E54B3C584}.Release|x64.Build.0 = Release|x64
		{06CE136A-0E35-4ED9-AEBC-CDA1669B3303}.Debug|Win32.ActiveCfg = Debug|Win32
		{06CE136A-0E35-4ED9-AEBC-CDA1669B3303}.Debug|Win32.Build.0 = Debug|Win32
		{06CE136A-0E35-4ED9-AEBC-CDA1669B3303}.Debug|x64.ActiveCfg = Debug|x64
		{06CE136A-0E35-4ED9-AEBC-CDA1669B3303}.Debug|x64.Build.0 = Debug|x64
		{06CE136A-0E35-4ED9-AEBC-CDA1669B3303}.Release|Win32.ActiveCfg = Release|Win32
		{06CE136A-0E35-4ED9-AEBC-CDA1669B3303}.Release|Win32.Build.0 = Release|Win32
		{06CE136A-0E35-4ED9-AEBC-CDA1669B3303}.Release|x64.ActiveCfg = Release|x64
		{06CE136A-0E35-4ED9-AEBC-CDA1669B3303}.Release|x64.Build.0 = Release|x64
		{A7FBFC03-309C-4990-BCB3-39F5A56DAC60}.Debug|Win32.ActiveCfg = Debug|Win32
		{A7FBFC03-309C-4990-BCB3-39F5A56DAC60}.Debug|Win32.Build.0 = Debug|Win32
		{A7FBFC03-309C-4990-BCB3-39F5A56DAC60}.Debug|x64.ActiveCfg = Debug|x64
		{A7FBFC03-309C-4990-BCB3-39F5A56DAC60}.Debug|x64.Build.0 = Debug|x64
		{A7FBFC03-309C-4990-BCB3-39F5A56DAC60}.Release|Win32.ActiveCfg = Release|Win32
		{A7FBFC03-309C-4990-BCB3-39F5A56DAC60}.Release|Win32.Build.0 = Release|Win32
		{A7FBFC03-309C-4990-BCB3-39F5A56DAC60}.Release|x64.ActiveCfg = Release|x64
		{A7FBFC03-309C-4990-BCB3-39F5A56DAC60}.Release|x64.Build.0 = Release|x64
		{8FE9CC22-45DE-4BFE-AAE2-BB7999450FBD}.Debug|Win32.ActiveCfg = Debug|Win32
		{8FE9CC22-45DE-4BFE-AAE2-BB7999450FBD}.Debug|Win32.Build.0 = Debug|Win32
		{8FE9CC22-45DE-4BFE-AAE2-BB7999450FBD}.Debug|x64.ActiveCfg = Debug|x64
		{8FE9CC22-45DE-4BFE-AAE2-BB7999450FBD}.Debug|x64.Build.0 = Debug|x64
		{8FE9CC22-45DE-4BFE-AAE2-BB7999450FBD}.Release|Win32.ActiveCfg = Release|Win32
		{8FE9CC22-45DE-4BFE-AAE2-BB7999450FBD}.Release|Win32.Build.0 = Release|Win32
		{8FE9CC22-45DE-4BFE-AAE2-BB7999450FBD}.Release|x64.ActiveCfg = Release|x64
		{8FE9CC22-45DE-4BFE-AAE2-BB7999450FBD}.Release|x64.Build.0 = Release|x64
		{D25F2695-BD18-43BC-A09D-9503AD3FCD49}.Debug|Win32.ActiveCfg = Debug|Win32
		{D25F2695-BD18-43BC-A09D-9503AD3FCD49}.Debug|Win32.Build.0 = Debug|Win32
		{D25F2695-BD18-43BC-A09D-9503AD3FCD49}.Debug|x64.ActiveCfg = Debug|x64
		{D25F2695-BD18-43BC-A09D-9503AD3FCD49}.Debug|x64.Build.0 = Debug|x64
		{D25F2695-BD18-43BC-A09D-9503AD3FCD49}.Release|Win32.ActiveCfg = Release|Win32
		{D25F2695-BD18-43BC-A09D-9503AD3FCD49}.Release|Win32.Build.0 = Release|Win32
		{D25F2695-BD18-43BC-A09D-9503AD3FCD49}.Release|x64.ActiveCfg = Release|x64
		{D25F2695-BD18-43BC-A09D-9503AD3FCD49}.Release|x64.Build.0 = Release|x64
		{4DF7BE65-7CA1-4964-B0E6-B5BF66306A27}.Debug|Win32.ActiveCfg = Debug|Win32
		{4DF7BE65-7CA1-4964-B0E6-B5BF66306A27}.Debug|Win32.Build.0 = Debug|Win32
		{4DF7BE65-7CA1-4964-B0E6-B5BF66306A27}.Debug|x64.ActiveCfg = Debug|x64
		{4DF7BE65-7CA1-4964-B0E6-B5BF66306A27}.Debug|x64.Build.0 = Debug|x64
		{4DF7BE65-7CA1-4964-B0E6-B5BF66306A27}.Release|Win32.ActiveCfg = Release|Win32
		{4DF7BE65-7CA1-4964-B0E6-B5BF66306A27}.Release|Win32.Build.0 = Release|Win32
		{4DF7BE65-7CA1-4964-B0E6-B5BF66306A27}.Release|x64.ActiveCfg = Release|x64
		{4DF7BE65-7CA1-4964-B0E6-B5BF66306A27}.Release|x64.Build.0 = Release|x64
		{9986CF02-116E-4753-8F4C-58DD10CBE74F}.Debug|Win32.ActiveCfg = Debug|Win32
		{9986CF02-116E-4753-8F4C-58DD10CBE74F}.Debug|Win32.Build.0 = Debug|Win32
		{9986CF02-116E-4753-8F4C-58DD10CBE74F}.Debug|x64.ActiveCfg = Debug|x64
		{9986CF02-116E-4753-8F4C-58DD10CBE74F}.Debug|x64.Build.0 = Debug|x64
		{9986CF02-116E-4753-8F4C-58DD10CBE74F}.Release|Win32.ActiveCfg = Release|Win32
		{9986CF02-116E-4753-8F4C-58DD10CBE74F}.Release|Win32.Build.0 = Release|Win32
		{9986CF02-116E-4753-8F4C-58DD10CBE74F}.Release|x64.ActiveCfg = Release|x64
		{9986CF02-116E-4753-8F4C-58DD10CBE74F}.Release|x64.Build.0 = Release|x64
		{06E45152-148A-450F-B613-9FBE8145B202}.Debug|Win32.ActiveCfg = Debug|Win32
		{06E45152-148A-450F-B613-9FBE8145B202}.Debug|Win32.Build.0 = Debug|Win32
		{06E45152-148A-450F-B613-9FBE8145B202}.Debug|x64.ActiveCfg = Debug|x64
		{06E45152-148A-450F-B613-9FBE8145B202}.Debug|x64.Build.0 = Debug|x64
		{06E45152-148A-450F-B613-9FBE8145B202}.Release|Win32.ActiveCfg = Release|Win32
		{06E45152-148A-450F-B613-9FBE8145B202}.Release|Win32.Build.0 = Release|Win32
		{06E45152-148A-450F-B613-9FBE8145B202}.Release|x64.ActiveCfg = Release|x64
		{06E45152-148A-450F-B613-9FBE8145B202}.Release|x64.Build.0 = Release|x64
		{6ABAC2C1-2F81-4B1C-899A-4FE644EA7EB6}.Debug|Win32.ActiveCfg = Debug|Win32
		{6ABAC2C1-2F81-4B1C-899A-4FE644EA7EB6}.Debug|Win32.Build.0 = Debug|Win32
		{6ABAC2C1-2F81-4B1C-899A-4FE644EA7EB6}.Debug|x64.ActiveCfg = Debug|x64
		{6ABAC2C1-2F81-4B1C-899A-4FE644EA7EB6}.Debug|x64.Build.0 = Debug|x64
		{6ABAC2C1-2F81-4B1C-899A-4FE644EA7EB6}.Release|Win32.ActiveCfg = Release|Win32
		{6ABAC2C1-2F81-4B1C-899A-4FE644EA7EB6}.Release|Win32.Build.0 = Release|Win32
		{6ABAC2C1-2F81-4B1C-899A-4FE644EA7EB6}.Release|x64.ActiveCfg = Release|x64
		{6ABAC2C1-2F81-4B1C-899A-4FE644EA7EB6}.Release|x64.Build.0 = Release|x64
		{D365963F-A682-45E8-A18E-B154F8266EB0}.Debug|Win32.ActiveCfg = Debug|Win32
		{D365963F-A682-45E8-A18E-B154F8266EB0}.Debug|Win32.Build.0 = Debug|Win32
		{D365963F-A682-45E8-A18E-B154F8266EB0}.Debug|x64.ActiveCfg = Debug|x64
		{D365963F-A682-45E8-A18E-B154F8266EB0}.Debug|x64.Build.0 = Debug|x64
		{D365963F-A682-45E8-A18E-B154F8266EB0}.Release|Win32.ActiveCfg = Release|Win32
		{D365963F-A682-45E8-A18E-B154F8266EB0}.Release|Win32.Build.0 = Release|Win32
		{D365963F-A682-45E8-A18E-B154F8266EB0}.Release|x64.ActiveCfg = Release|x64
		{D365963F-A682-45E8-A18E-B154F8266EB0}.Release|x64.Build.0 = Release|x64
		{B2B85340-7319-4E4B-B124-EABE782A0221}.Debug|Win32.ActiveCfg = Debug|Win32
		{B2B85340-7319-4E4B-B124-EABE782A0221}.Debug|Win32.Build.0 = Debug|Win32
		{B2B85340-7319-4E4B-B124-EABE782A0221}.Debug|x64.ActiveCfg = Debug|x64
		{B2B85340-7319-4E4B-B124-EABE782A0221}.Debug|x64.Build.0 = Debug|x64
		{B2B85340-7319-4E4B-B124-EABE782A0221}.Release|Win32.ActiveCfg = Release|Win32
		{B2B85340-7319-4E4B-B124-EABE782A0221}.Release|Win32.Build.0 = Release|Win32
		{B2B85340-7319-4E4B-B124-EABE782A0221}.Release|x64.ActiveCfg = Release|x64
		{B2B85340-7319-4E4B-B124-EABE782A0221}.Release|x64.Build.0 = Release|x64
		{583FD9C6-04DE-4DFC-8449-6D57E5FAA208}.Debug|Win32.ActiveCfg = Debug|Win32
		{583FD9C6-04DE-4DFC-8449-6D57E5FAA208}.Debug|Win32.Build.0 = Debug|Win32
		{583FD9C6-04DE-4DFC-8449-6D57E5FAA208}.Debug|x64.ActiveCfg = Debug|x64
		{583FD9C6-04DE-4DFC-8449-6D57E5FAA208}.Debug|x64.Build.0 = Debug|x64
		{583FD9C6-04DE-4DFC-8449-6D57E5FAA208}.Release|Win32.ActiveCfg = Release|Win32
		{583FD9C6-04DE-4DFC-8449-6D57E5FAA208}.Release|Win32.Build.0 = Release|Win32
		{583FD9C6-04DE-4DFC-8449-6D57E5FAA208}.Release|x64.ActiveCfg = Release|x64
		{583FD9C6-04DE-4DFC-8449-6D57E5FAA208}.Release|x64.Build.0 = Release|x64
		{32DE6A74-4C92-4412-8769-326BA84DE1C8}.Debug|Win32.ActiveCfg = Debug|Win32
		{32DE6A74-4C92-4412-8769-326BA84DE1C8}.Debug|Win32.Build.0 = Debug|Win32
		{32DE6A74-4C92-4412-8769-326BA84DE1C8}.Debug|x64.ActiveCfg = Debug|x64
		{32DE6A74-4C92-4412-8769-326BA84DE1C8}.Debug|x64.Build.0 = Debug|x64
		{32DE6A74-4C92-4412-8769-326BA84DE1C8}.Release|Win32.ActiveCfg = Release|Win32
		{32DE6A74-4C92-4412-8769-326BA84DE1C8}.Release|Win32.Build.0 = Release|Win32
		{32DE6A74-4C92-4412-8769-326BA84DE1C8}.Release|x64.ActiveCfg = Release|x64
		{32DE6A74-4C92-4412-8769-326BA84DE1C8}.Release|x64.Build.0 = Release|x64
	EndGlobalSection
	GlobalSection(SolutionProperties) = preSolution
		HideSolutionNode = FALSE
	EndGlobalSection
EndGlobal
