<?xml version="1.0" encoding="utf-8"?>
<Project ToolsVersion="4.0" xmlns="http://schemas.microsoft.com/developer/msbuild/2003">
  <ItemGroup>
    <ClCompile Include="Source\CmdLineExec.cpp">
      <Filter>Source</Filter>
    </ClCompile>
    <ClCompile Include="Source\Main.cpp">
      <Filter>Source</Filter>
    </ClCompile>
    <ClCompile Include="Source\ccNodeBlock.cpp">
      <Filter>Source</Filter>
    </ClCompile>
    <ClCompile Include="Source\ccNodeBlockVisitor.cpp">
      <Filter>Source</Filter>
    </ClCompile>
    <ClCompile Include="Source\GenerateNodeBlocks.cpp">
      <Filter>Source</Filter>
    </ClCompile>
  </ItemGroup>
  <ItemGroup>
    <ClInclude Include="Source\CmdLineExec.h">
      <Filter>Source</Filter>
    </ClInclude>
    <ClInclude Include="Source\ccNodeBlock.h">
      <Filter>Source</Filter>
    </ClInclude>
    <ClInclude Include="Source\ccNodeBlockChannel.h">
      <Filter>Source</Filter>
    </ClInclude>
    <ClInclude Include="Source\ccNodeBlockVisitor.h">
      <Filter>Source</Filter>
    </ClInclude>
    <ClInclude Include="Source\GenerateNodeBlocks.h">
      <Filter>Source</Filter>
    </ClInclude>
    <ClInclude Include="Source\ccSegmentCopier.h">
      <Filter>Source</Filter>
    </ClInclude>
  </ItemGroup>
  <ItemGroup>
    <Filter Include="Source">
      <UniqueIdentifier>{a9805a4e-d5db-478e-8eb9-906bea560705}</UniqueIdentifier>
    </Filter>
  </ItemGroup>
</Project>