<?xml version="1.0" encoding="utf-8"?>
<Project ToolsVersion="4.0" xmlns="http://schemas.microsoft.com/developer/msbuild/2003">
  <ItemGroup>
    <Filter Include="Source">
      <UniqueIdentifier>{3e1e412e-b1ec-4fa1-9ebf-e86ce460dd96}</UniqueIdentifier>
    </Filter>
  </ItemGroup>
  <ItemGroup>
    <ClInclude Include="Source\ccShortTermMemory.h">
      <Filter>Source</Filter>
    </ClInclude>
    <ClInclude Include="Source\CmdLineExec.h">
      <Filter>Source</Filter>
    </ClInclude>
    <ClInclude Include="Source\someClass1.h">
      <Filter>Source</Filter>
    </ClInclude>
  </ItemGroup>
  <ItemGroup>
    <ClCompile Include="Source\ccShortTermMemory.cpp">
      <Filter>Source</Filter>
    </ClCompile>
    <ClCompile Include="Source\CmdLineExec.cpp">
      <Filter>Source</Filter>
    </ClCompile>
    <ClCompile Include="Source\Main.cpp">
      <Filter>Source</Filter>
    </ClCompile>
    <ClCompile Include="Source\someClass1.cpp">
      <Filter>Source</Filter>
    </ClCompile>
    <ClCompile Include="Source\ccShortTermDelete.cpp">
      <Filter>Source</Filter>
    </ClCompile>
  </ItemGroup>
</Project>